
Microsoft Visual Studio Solution File, Format Version 12.00
# Visual Studio Version 17
VisualStudioVersion = 17.9.34723.18
MinimumVisualStudioVersion = 10.0.40219.1
Project("{2150E333-8FDC-42A3-9474-1A3956D46DE8}") = "Core", "Core", "{69476145-D2F3-4952-9DA1-BB3C60636BC8}"
EndProject
Project("{2150E333-8FDC-42A3-9474-1A3956D46DE8}") = "Infrastructure", "Infrastructure", "{9DDEBF24-D5A7-4F50-8610-150E6E136459}"
EndProject
Project("{2150E333-8FDC-42A3-9474-1A3956D46DE8}") = "Manager", "Manager", "{A89D276C-34CF-4716-90E5-0F375B3E3DDE}"
EndProject
Project("{2150E333-8FDC-42A3-9474-1A3956D46DE8}") = "Presentation", "Presentation", "{AF357C15-3AB0-4390-B824-EE1CBE42E189}"
EndProject
Project("{2150E333-8FDC-42A3-9474-1A3956D46DE8}") = "UnitTests", "UnitTests", "{38E93E4D-3622-44FD-BEDA-71BD3979A285}"
EndProject
Project("{FAE04EC0-301F-11D3-BF4B-00C04F79EFBC}") = "SDDEMO.Application", "SDDEMO.Application\SDDEMO.Application.csproj", "{D531F887-3CE0-4136-971D-C85231F80755}"
EndProject
Project("{FAE04EC0-301F-11D3-BF4B-00C04F79EFBC}") = "SDDEMO.Domain", "SDDEMO.Domain\SDDEMO.Domain.csproj", "{951C5BF9-AD52-4A14-8BFF-B46D87363A1A}"
EndProject
Project("{FAE04EC0-301F-11D3-BF4B-00C04F79EFBC}") = "SDDEMO.Infrastructure", "SDDEMO.Infrastructure\SDDEMO.Infrastructure.csproj", "{1511F9BC-FF44-41D3-B6E5-F54760928D92}"
EndProject
Project("{FAE04EC0-301F-11D3-BF4B-00C04F79EFBC}") = "SDDEMO.Persistance", "SDDEMO.Persistance\SDDEMO.Persistance.csproj", "{30B48FFC-4747-4394-BF1A-A65DA35EFA6E}"
EndProject
Project("{FAE04EC0-301F-11D3-BF4B-00C04F79EFBC}") = "SDDEMO.Manager", "SDDEMO.Manager\SDDEMO.Manager.csproj", "{9D3E02E3-7337-491A-8BD9-6755F8BBE277}"
EndProject
Project("{FAE04EC0-301F-11D3-BF4B-00C04F79EFBC}") = "SDDEMO.API", "SDDEMO.API\SDDEMO.API.csproj", "{23DC9DFE-3E2E-4D07-980D-FD54A2873051}"
EndProject
Project("{FAE04EC0-301F-11D3-BF4B-00C04F79EFBC}") = "SDDEMO.Test", "SDDEMO.Test\SDDEMO.Test.csproj", "{5F7C4324-DF50-4E03-9FE3-BC5BD6C7CFAA}"
EndProject
Global
	GlobalSection(SolutionConfigurationPlatforms) = preSolution
		Debug|Any CPU = Debug|Any CPU
		Release|Any CPU = Release|Any CPU
	EndGlobalSection
	GlobalSection(ProjectConfigurationPlatforms) = postSolution
		{D531F887-3CE0-4136-971D-C85231F80755}.Debug|Any CPU.ActiveCfg = Debug|Any CPU
		{D531F887-3CE0-4136-971D-C85231F80755}.Debug|Any CPU.Build.0 = Debug|Any CPU
		{D531F887-3CE0-4136-971D-C85231F80755}.Release|Any CPU.ActiveCfg = Release|Any CPU
		{D531F887-3CE0-4136-971D-C85231F80755}.Release|Any CPU.Build.0 = Release|Any CPU
		{951C5BF9-AD52-4A14-8BFF-B46D87363A1A}.Debug|Any CPU.ActiveCfg = Debug|Any CPU
		{951C5BF9-AD52-4A14-8BFF-B46D87363A1A}.Debug|Any CPU.Build.0 = Debug|Any CPU
		{951C5BF9-AD52-4A14-8BFF-B46D87363A1A}.Release|Any CPU.ActiveCfg = Release|Any CPU
		{951C5BF9-AD52-4A14-8BFF-B46D87363A1A}.Release|Any CPU.Build.0 = Release|Any CPU
		{1511F9BC-FF44-41D3-B6E5-F54760928D92}.Debug|Any CPU.ActiveCfg = Debug|Any CPU
		{1511F9BC-FF44-41D3-B6E5-F54760928D92}.Debug|Any CPU.Build.0 = Debug|Any CPU
		{1511F9BC-FF44-41D3-B6E5-F54760928D92}.Release|Any CPU.ActiveCfg = Release|Any CPU
		{1511F9BC-FF44-41D3-B6E5-F54760928D92}.Release|Any CPU.Build.0 = Release|Any CPU
		{30B48FFC-4747-4394-BF1A-A65DA35EFA6E}.Debug|Any CPU.ActiveCfg = Debug|Any CPU
		{30B48FFC-4747-4394-BF1A-A65DA35EFA6E}.Debug|Any CPU.Build.0 = Debug|Any CPU
		{30B48FFC-4747-4394-BF1A-A65DA35EFA6E}.Release|Any CPU.ActiveCfg = Release|Any CPU
		{30B48FFC-4747-4394-BF1A-A65DA35EFA6E}.Release|Any CPU.Build.0 = Release|Any CPU
		{9D3E02E3-7337-491A-8BD9-6755F8BBE277}.Debug|Any CPU.ActiveCfg = Debug|Any CPU
		{9D3E02E3-7337-491A-8BD9-6755F8BBE277}.Debug|Any CPU.Build.0 = Debug|Any CPU
		{9D3E02E3-7337-491A-8BD9-6755F8BBE277}.Release|Any CPU.ActiveCfg = Release|Any CPU
		{9D3E02E3-7337-491A-8BD9-6755F8BBE277}.Release|Any CPU.Build.0 = Release|Any CPU
		{23DC9DFE-3E2E-4D07-980D-FD54A2873051}.Debug|Any CPU.ActiveCfg = Debug|Any CPU
		{23DC9DFE-3E2E-4D07-980D-FD54A2873051}.Debug|Any CPU.Build.0 = Debug|Any CPU
		{23DC9DFE-3E2E-4D07-980D-FD54A2873051}.Release|Any CPU.ActiveCfg = Release|Any CPU
		{23DC9DFE-3E2E-4D07-980D-FD54A2873051}.Release|Any CPU.Build.0 = Release|Any CPU
		{5F7C4324-DF50-4E03-9FE3-BC5BD6C7CFAA}.Debug|Any CPU.ActiveCfg = Debug|Any CPU
		{5F7C4324-DF50-4E03-9FE3-BC5BD6C7CFAA}.Debug|Any CPU.Build.0 = Debug|Any CPU
		{5F7C4324-DF50-4E03-9FE3-BC5BD6C7CFAA}.Release|Any CPU.ActiveCfg = Release|Any CPU
		{5F7C4324-DF50-4E03-9FE3-BC5BD6C7CFAA}.Release|Any CPU.Build.0 = Release|Any CPU
	EndGlobalSection
	GlobalSection(SolutionProperties) = preSolution
		HideSolutionNode = FALSE
	EndGlobalSection
	GlobalSection(NestedProjects) = preSolution
		{D531F887-3CE0-4136-971D-C85231F80755} = {69476145-D2F3-4952-9DA1-BB3C60636BC8}
		{951C5BF9-AD52-4A14-8BFF-B46D87363A1A} = {69476145-D2F3-4952-9DA1-BB3C60636BC8}
		{1511F9BC-FF44-41D3-B6E5-F54760928D92} = {9DDEBF24-D5A7-4F50-8610-150E6E136459}
		{30B48FFC-4747-4394-BF1A-A65DA35EFA6E} = {9DDEBF24-D5A7-4F50-8610-150E6E136459}
		{9D3E02E3-7337-491A-8BD9-6755F8BBE277} = {A89D276C-34CF-4716-90E5-0F375B3E3DDE}
		{23DC9DFE-3E2E-4D07-980D-FD54A2873051} = {AF357C15-3AB0-4390-B824-EE1CBE42E189}
		{5F7C4324-DF50-4E03-9FE3-BC5BD6C7CFAA} = {38E93E4D-3622-44FD-BEDA-71BD3979A285}
	EndGlobalSection
	GlobalSection(ExtensibilityGlobals) = postSolution
		SolutionGuid = {7756179F-AA54-4B19-A402-57E5B908E1C6}
	EndGlobalSection
EndGlobal
